{"1.2.0",
[{<<"cowlib">>,
  {git,"https://github.com/ninenines/cowlib",
       {ref,"9df1a2399870a7944a1847fe2becf1738f747dce"}},
  1},
 {<<"dep_http2_client">>,
  {git,"https://github.com/Bluehouse-Technology/http2_client",
       {ref,"8a6faf3ef1e0f3bb480d52d34ef5181258e99302"}},
  0},
 {<<"gpb">>,{pkg,<<"gpb">>,<<"4.17.0">>},1},
 {<<"grpc_lib">>,
  {git,"https://github.com/wallacegibbon/grpc_lib",
       {ref,"775eb7e65056eeb895748d202c3928c23b2b619f"}},
  0}]}.
[
{pkg_hash,[
 {<<"gpb">>, <<"0C315E3108FCB90B05C755CED0473D7CD82D514FEA08A5D8374B83DC3E3AB11A">>}]},
{pkg_hash_ext,[
 {<<"gpb">>, <<"2D24FE0FC8A604AD8D633D5C0FD1C5FF28C1162A195056363982737A8EDB3A05">>}]}
].
